
Microsoft Visual Studio Solution File, Format Version 11.00
# Visual Studio 2010
Project("{8BC9CEB8-8B4A-11D0-8D11-00A0C91BC942}") = "Money", "Money.vcxproj", "{117CE8F5-7197-46DC-B937-642BD2198D43}"
EndProject
Global
	GlobalSection(SolutionConfigurationPlatforms) = preSolution
		Debug|Win32 = Debug|Win32
		Release|Win32 = Release|Win32
	EndGlobalSection
	GlobalSection(ProjectConfigurationPlatforms) = postSolution
		{117CE8F5-7197-46DC-B937-642BD2198D43}.Debug|Win32.ActiveCfg = Debug|Win32
		{117CE8F5-7197-46DC-B937-642BD2198D43}.Debug|Win32.Build.0 = Debug|Win32
		{117CE8F5-7197-46DC-B937-642BD2198D43}.Release|Win32.ActiveCfg = Release|Win32
		{117CE8F5-7197-46DC-B937-642BD2198D43}.Release|Win32.Build.0 = Release|Win32
	EndGlobalSection
	GlobalSection(SolutionProperties) = preSolution
		HideSolutionNode = FALSE
	EndGlobalSection
EndGlobal
